
Microsoft Visual Studio Solution File, Format Version 12.00
# Visual Studio Version 17
VisualStudioVersion = 17.3.32811.315
MinimumVisualStudioVersion = 10.0.40219.1
Project("{FAE04EC0-301F-11D3-BF4B-00C04F79EFBC}") = "CnEjercisio 6", "CnEjercisio 6\CnEjercisio 6.csproj", "{A3906F0E-F04C-47B6-BC00-90FB39BF0FBE}"
EndProject
Global
	GlobalSection(SolutionConfigurationPlatforms) = preSolution
		Debug|Any CPU = Debug|Any CPU
		Release|Any CPU = Release|Any CPU
	EndGlobalSection
	GlobalSection(ProjectConfigurationPlatforms) = postSolution
		{A3906F0E-F04C-47B6-BC00-90FB39BF0FBE}.Debug|Any CPU.ActiveCfg = Debug|Any CPU
		{A3906F0E-F04C-47B6-BC00-90FB39BF0FBE}.Debug|Any CPU.Build.0 = Debug|Any CPU
		{A3906F0E-F04C-47B6-BC00-90FB39BF0FBE}.Release|Any CPU.ActiveCfg = Release|Any CPU
		{A3906F0E-F04C-47B6-BC00-90FB39BF0FBE}.Release|Any CPU.Build.0 = Release|Any CPU
	EndGlobalSection
	GlobalSection(SolutionProperties) = preSolution
		HideSolutionNode = FALSE
	EndGlobalSection
	GlobalSection(ExtensibilityGlobals) = postSolution
		SolutionGuid = {4C56AE3D-FF96-4B3B-8C3E-71A893DC01B8}
	EndGlobalSection
EndGlobal
